
Microsoft Visual Studio Solution File, Format Version 12.00
# Visual Studio 14
VisualStudioVersion = 14.0.25123.0
MinimumVisualStudioVersion = 10.0.40219.1
Project("{FAE04EC0-301F-11D3-BF4B-00C04F79EFBC}") = "KatanaIntro", "KatanaIntro\KatanaIntro.csproj", "{F94130E6-0FC5-41AA-AE36-F9DD5B3AEA8A}"
EndProject
Project("{FAE04EC0-301F-11D3-BF4B-00C04F79EFBC}") = "IdentityDemo", "IdentityDemo\IdentityDemo.csproj", "{C5CBE9AE-5F8F-44D6-A83C-DAA2DBAD6295}"
EndProject
Project("{FAE04EC0-301F-11D3-BF4B-00C04F79EFBC}") = "PatientData", "PatientData\PatientData.csproj", "{BD46C9F8-0138-4817-8FB9-1CAF3622E84C}"
EndProject
Project("{FAE04EC0-301F-11D3-BF4B-00C04F79EFBC}") = "CorsClient", "CorsClient\CorsClient.csproj", "{8F882043-20FE-4E05-8B46-A3AD8447A027}"
EndProject
Project("{FAE04EC0-301F-11D3-BF4B-00C04F79EFBC}") = "SPA", "SPA\SPA.csproj", "{A6B8E7EE-7620-403D-8447-EF9250968645}"
EndProject
Project("{FAE04EC0-301F-11D3-BF4B-00C04F79EFBC}") = "Books.Web", "Books.Web\Books.Web.csproj", "{F6E73590-6098-4591-9CE1-389E590FABE4}"
EndProject
Project("{FAE04EC0-301F-11D3-BF4B-00C04F79EFBC}") = "Books.Entities", "Books.Entities\Books.Entities.csproj", "{1F49AC01-7452-483C-BC90-C9714E63B171}"
EndProject
Global
	GlobalSection(SolutionConfigurationPlatforms) = preSolution
		Debug|Any CPU = Debug|Any CPU
		Release|Any CPU = Release|Any CPU
	EndGlobalSection
	GlobalSection(ProjectConfigurationPlatforms) = postSolution
		{F94130E6-0FC5-41AA-AE36-F9DD5B3AEA8A}.Debug|Any CPU.ActiveCfg = Debug|Any CPU
		{F94130E6-0FC5-41AA-AE36-F9DD5B3AEA8A}.Debug|Any CPU.Build.0 = Debug|Any CPU
		{F94130E6-0FC5-41AA-AE36-F9DD5B3AEA8A}.Release|Any CPU.ActiveCfg = Release|Any CPU
		{F94130E6-0FC5-41AA-AE36-F9DD5B3AEA8A}.Release|Any CPU.Build.0 = Release|Any CPU
		{C5CBE9AE-5F8F-44D6-A83C-DAA2DBAD6295}.Debug|Any CPU.ActiveCfg = Debug|Any CPU
		{C5CBE9AE-5F8F-44D6-A83C-DAA2DBAD6295}.Debug|Any CPU.Build.0 = Debug|Any CPU
		{C5CBE9AE-5F8F-44D6-A83C-DAA2DBAD6295}.Release|Any CPU.ActiveCfg = Release|Any CPU
		{C5CBE9AE-5F8F-44D6-A83C-DAA2DBAD6295}.Release|Any CPU.Build.0 = Release|Any CPU
		{BD46C9F8-0138-4817-8FB9-1CAF3622E84C}.Debug|Any CPU.ActiveCfg = Debug|Any CPU
		{BD46C9F8-0138-4817-8FB9-1CAF3622E84C}.Debug|Any CPU.Build.0 = Debug|Any CPU
		{BD46C9F8-0138-4817-8FB9-1CAF3622E84C}.Release|Any CPU.ActiveCfg = Release|Any CPU
		{BD46C9F8-0138-4817-8FB9-1CAF3622E84C}.Release|Any CPU.Build.0 = Release|Any CPU
		{8F882043-20FE-4E05-8B46-A3AD8447A027}.Debug|Any CPU.ActiveCfg = Debug|Any CPU
		{8F882043-20FE-4E05-8B46-A3AD8447A027}.Debug|Any CPU.Build.0 = Debug|Any CPU
		{8F882043-20FE-4E05-8B46-A3AD8447A027}.Release|Any CPU.ActiveCfg = Release|Any CPU
		{8F882043-20FE-4E05-8B46-A3AD8447A027}.Release|Any CPU.Build.0 = Release|Any CPU
		{A6B8E7EE-7620-403D-8447-EF9250968645}.Debug|Any CPU.ActiveCfg = Debug|Any CPU
		{A6B8E7EE-7620-403D-8447-EF9250968645}.Debug|Any CPU.Build.0 = Debug|Any CPU
		{A6B8E7EE-7620-403D-8447-EF9250968645}.Release|Any CPU.ActiveCfg = Release|Any CPU
		{A6B8E7EE-7620-403D-8447-EF9250968645}.Release|Any CPU.Build.0 = Release|Any CPU
		{F6E73590-6098-4591-9CE1-389E590FABE4}.Debug|Any CPU.ActiveCfg = Debug|Any CPU
		{F6E73590-6098-4591-9CE1-389E590FABE4}.Debug|Any CPU.Build.0 = Debug|Any CPU
		{F6E73590-6098-4591-9CE1-389E590FABE4}.Release|Any CPU.ActiveCfg = Release|Any CPU
		{F6E73590-6098-4591-9CE1-389E590FABE4}.Release|Any CPU.Build.0 = Release|Any CPU
		{1F49AC01-7452-483C-BC90-C9714E63B171}.Debug|Any CPU.ActiveCfg = Debug|Any CPU
		{1F49AC01-7452-483C-BC90-C9714E63B171}.Debug|Any CPU.Build.0 = Debug|Any CPU
		{1F49AC01-7452-483C-BC90-C9714E63B171}.Release|Any CPU.ActiveCfg = Release|Any CPU
		{1F49AC01-7452-483C-BC90-C9714E63B171}.Release|Any CPU.Build.0 = Release|Any CPU
	EndGlobalSection
	GlobalSection(SolutionProperties) = preSolution
		HideSolutionNode = FALSE
	EndGlobalSection
EndGlobal
